
Microsoft Visual Studio Solution File, Format Version 12.00
# Visual Studio Version 16
VisualStudioVersion = 16.0.30413.136
MinimumVisualStudioVersion = 10.0.40219.1
Project("{FAE04EC0-301F-11D3-BF4B-00C04F79EFBC}") = "pers3.2", "pers3.2.csproj", "{EB48042F-87F0-4682-9817-AD5166092C33}"
EndProject
Global
	GlobalSection(SolutionConfigurationPlatforms) = preSolution
		Debug|Any CPU = Debug|Any CPU
		Release|Any CPU = Release|Any CPU
	EndGlobalSection
	GlobalSection(ProjectConfigurationPlatforms) = postSolution
		{EB48042F-87F0-4682-9817-AD5166092C33}.Debug|Any CPU.ActiveCfg = Debug|Any CPU
		{EB48042F-87F0-4682-9817-AD5166092C33}.Debug|Any CPU.Build.0 = Debug|Any CPU
		{EB48042F-87F0-4682-9817-AD5166092C33}.Release|Any CPU.ActiveCfg = Release|Any CPU
		{EB48042F-87F0-4682-9817-AD5166092C33}.Release|Any CPU.Build.0 = Release|Any CPU
	EndGlobalSection
	GlobalSection(SolutionProperties) = preSolution
		HideSolutionNode = FALSE
	EndGlobalSection
	GlobalSection(ExtensibilityGlobals) = postSolution
		SolutionGuid = {105E6DCC-A262-49FA-B105-4B1066C09337}
	EndGlobalSection
EndGlobal
